// !$*UTF8*$!
{
	archiveVersion = 1;
	classes = {
	};
	objectVersion = 46;
	objects = {

/* Begin PBXBuildFile section */
		8E0E38A3D0D61B3B40177530 /* Pods_Mr_Time.framework in Frameworks */ = {isa = PBXBuildFile; fileRef = 2811DD938DB0501B1D8023CD /* Pods_Mr_Time.framework */; };
		C0A69F2F1EE5557500DB4678 /* WWSimpleVC.m in Sources */ = {isa = PBXBuildFile; fileRef = C0A69F2E1EE5557500DB4678 /* WWSimpleVC.m */; };
		C0A69F371EE79C2F00DB4678 /* Noticeicon@3x.png in Resources */ = {isa = PBXBuildFile; fileRef = C0A69F351EE79C2F00DB4678 /* Noticeicon@3x.png */; };
		C0A69F381EE79C2F00DB4678 /* Noticeicon@2x.png in Resources */ = {isa = PBXBuildFile; fileRef = C0A69F361EE79C2F00DB4678 /* Noticeicon@2x.png */; };
		C0A69F3B1EE79CCC00DB4678 /* Setting icon@3x.png in Resources */ = {isa = PBXBuildFile; fileRef = C0A69F391EE79CCC00DB4678 /* Setting icon@3x.png */; };
		C0A69F3C1EE79CCC00DB4678 /* Setting icon@2x.png in Resources */ = {isa = PBXBuildFile; fileRef = C0A69F3A1EE79CCC00DB4678 /* Setting icon@2x.png */; };
		C0A69F3F1EE7A01200DB4678 /* headbackground@2x.png in Resources */ = {isa = PBXBuildFile; fileRef = C0A69F3D1EE7A01200DB4678 /* headbackground@2x.png */; };
		C0A69F401EE7A01200DB4678 /* headbackground@3x.png in Resources */ = {isa = PBXBuildFile; fileRef = C0A69F3E1EE7A01200DB4678 /* headbackground@3x.png */; };
		C0A69F4A1EE7D2DE00DB4678 /* dasdasdas.png in Resources */ = {isa = PBXBuildFile; fileRef = C0A69F491EE7D2DE00DB4678 /* dasdasdas.png */; };
		C0A69F501EE7F64A00DB4678 /* 21yearsOld@3x.png in Resources */ = {isa = PBXBuildFile; fileRef = C0A69F4C1EE7F64A00DB4678 /* 21yearsOld@3x.png */; };
		C0A69F511EE7F64A00DB4678 /* 21yearsOld@2x.png in Resources */ = {isa = PBXBuildFile; fileRef = C0A69F4D1EE7F64A00DB4678 /* 21yearsOld@2x.png */; };
		C0A69F521EE7F64A00DB4678 /* 20yearsOld@2x.png in Resources */ = {isa = PBXBuildFile; fileRef = C0A69F4E1EE7F64A00DB4678 /* 20yearsOld@2x.png */; };
		C0A69F531EE7F64A00DB4678 /* 20yearsOld@3x.png in Resources */ = {isa = PBXBuildFile; fileRef = C0A69F4F1EE7F64A00DB4678 /* 20yearsOld@3x.png */; };
		C0A69F561EE7F65600DB4678 /* userlike@2x.png in Resources */ = {isa = PBXBuildFile; fileRef = C0A69F541EE7F65600DB4678 /* userlike@2x.png */; };
		C0A69F571EE7F65600DB4678 /* userlike@3x.png in Resources */ = {isa = PBXBuildFile; fileRef = C0A69F551EE7F65600DB4678 /* userlike@3x.png */; };
		C0A69F5F1EE92DEA00DB4678 /* WWNavigationVC.m in Sources */ = {isa = PBXBuildFile; fileRef = C0A69F5E1EE92DEA00DB4678 /* WWNavigationVC.m */; };
		C0A69F631EE9318D00DB4678 /* bacBackBtn@3x.png in Resources */ = {isa = PBXBuildFile; fileRef = C0A69F611EE9318D00DB4678 /* bacBackBtn@3x.png */; };
		C0A69F641EE9318D00DB4678 /* bacBackBtn@2x.png in Resources */ = {isa = PBXBuildFile; fileRef = C0A69F621EE9318D00DB4678 /* bacBackBtn@2x.png */; };
		C0A69F6D1EE9410300DB4678 /* CardCell.swift in Sources */ = {isa = PBXBuildFile; fileRef = C0A69F671EE9410300DB4678 /* CardCell.swift */; };
		C0A69F6E1EE9410300DB4678 /* CardView.swift in Sources */ = {isa = PBXBuildFile; fileRef = C0A69F681EE9410300DB4678 /* CardView.swift */; };
		C0A69F6F1EE9410300DB4678 /* CustomCardLayout.swift in Sources */ = {isa = PBXBuildFile; fileRef = C0A69F691EE9410300DB4678 /* CustomCardLayout.swift */; };
		C0A69F701EE9410300DB4678 /* CustomFlipTransition.swift in Sources */ = {isa = PBXBuildFile; fileRef = C0A69F6A1EE9410300DB4678 /* CustomFlipTransition.swift */; };
		C0A69F711EE9410300DB4678 /* UIViewControllerExtension.swift in Sources */ = {isa = PBXBuildFile; fileRef = C0A69F6B1EE9410300DB4678 /* UIViewControllerExtension.swift */; };
		C0A69F721EE9410300DB4678 /* UIViewExtension.swift in Sources */ = {isa = PBXBuildFile; fileRef = C0A69F6C1EE9410300DB4678 /* UIViewExtension.swift */; };
		C0A69F8C1EE944FB00DB4678 /* ExpandingTableViewController.swift in Sources */ = {isa = PBXBuildFile; fileRef = C0A69F751EE944FB00DB4678 /* ExpandingTableViewController.swift */; };
		C0A69F8D1EE944FB00DB4678 /* BasePageCollectionCell.swift in Sources */ = {isa = PBXBuildFile; fileRef = C0A69F791EE944FB00DB4678 /* BasePageCollectionCell.swift */; };
		C0A69F8E1EE944FB00DB4678 /* PageCollectionLayout.swift in Sources */ = {isa = PBXBuildFile; fileRef = C0A69F7B1EE944FB00DB4678 /* PageCollectionLayout.swift */; };
		C0A69F8F1EE944FB00DB4678 /* PageCollectionView.swift in Sources */ = {isa = PBXBuildFile; fileRef = C0A69F7C1EE944FB00DB4678 /* PageCollectionView.swift */; };
		C0A69F901EE944FB00DB4678 /* ExpandingViewController.swift in Sources */ = {isa = PBXBuildFile; fileRef = C0A69F7D1EE944FB00DB4678 /* ExpandingViewController.swift */; };
		C0A69F911EE944FB00DB4678 /* CornerAnimatable.swift in Sources */ = {isa = PBXBuildFile; fileRef = C0A69F811EE944FB00DB4678 /* CornerAnimatable.swift */; };
		C0A69F921EE944FB00DB4678 /* ConfigurationHelper.swift in Sources */ = {isa = PBXBuildFile; fileRef = C0A69F831EE944FB00DB4678 /* ConfigurationHelper.swift */; };
		C0A69F931EE944FB00DB4678 /* ConstraintsHelper.swift in Sources */ = {isa = PBXBuildFile; fileRef = C0A69F851EE944FB00DB4678 /* ConstraintsHelper.swift */; };
		C0A69F941EE944FB00DB4678 /* ScreenShotHelper.swift in Sources */ = {isa = PBXBuildFile; fileRef = C0A69F871EE944FB00DB4678 /* ScreenShotHelper.swift */; };
		C0A69F951EE944FB00DB4678 /* SubviewsForEach.swift in Sources */ = {isa = PBXBuildFile; fileRef = C0A69F891EE944FB00DB4678 /* SubviewsForEach.swift */; };
		C0A69F961EE944FB00DB4678 /* TransitionDriver.swift in Sources */ = {isa = PBXBuildFile; fileRef = C0A69F8B1EE944FB00DB4678 /* TransitionDriver.swift */; };
		C0A69FA01EE949E600DB4678 /* WWSOCommon.swift in Sources */ = {isa = PBXBuildFile; fileRef = C0A69F9F1EE949E600DB4678 /* WWSOCommon.swift */; };
		FF340B021E9E03BE00B4DB39 /* WWAppDelegate.m in Sources */ = {isa = PBXBuildFile; fileRef = FF340B011E9E03BE00B4DB39 /* WWAppDelegate.m */; };
		FF340B081E9E152500B4DB39 /* WWAppDelegate+RootController.m in Sources */ = {isa = PBXBuildFile; fileRef = FF340B071E9E152500B4DB39 /* WWAppDelegate+RootController.m */; };
		FF340B0B1E9E153C00B4DB39 /* WWAppDelegate+AppLifeCircle.m in Sources */ = {isa = PBXBuildFile; fileRef = FF340B0A1E9E153C00B4DB39 /* WWAppDelegate+AppLifeCircle.m */; };
		FF340B0E1E9E155100B4DB39 /* WWAppDelegate+AppService.m in Sources */ = {isa = PBXBuildFile; fileRef = FF340B0D1E9E155100B4DB39 /* WWAppDelegate+AppService.m */; };
		FF340B131E9E19FE00B4DB39 /* WWRootViewController.m in Sources */ = {isa = PBXBuildFile; fileRef = FF340B121E9E19FE00B4DB39 /* WWRootViewController.m */; };
		FF340B1A1E9E1FA200B4DB39 /* HomeViewController.m in Sources */ = {isa = PBXBuildFile; fileRef = FF340B191E9E1FA200B4DB39 /* HomeViewController.m */; };
		FF340B1D1E9E1FC600B4DB39 /* UserViewController.m in Sources */ = {isa = PBXBuildFile; fileRef = FF340B1C1E9E1FC600B4DB39 /* UserViewController.m */; };
		FF340B201E9E1FDC00B4DB39 /* LoginViewController.m in Sources */ = {isa = PBXBuildFile; fileRef = FF340B1F1E9E1FDC00B4DB39 /* LoginViewController.m */; };
		FF340B231E9E1FF000B4DB39 /* CollectViewController.m in Sources */ = {isa = PBXBuildFile; fileRef = FF340B221E9E1FF000B4DB39 /* CollectViewController.m */; };
		FF340B261E9E200000B4DB39 /* BookViewController.m in Sources */ = {isa = PBXBuildFile; fileRef = FF340B251E9E200000B4DB39 /* BookViewController.m */; };
		FF340B2C1E9E3C5200B4DB39 /* VTGeneralTool.m in Sources */ = {isa = PBXBuildFile; fileRef = FF340B2B1E9E3C5200B4DB39 /* VTGeneralTool.m */; };
		FF340B2F1E9E4D4D00B4DB39 /* MLTransition.m in Sources */ = {isa = PBXBuildFile; fileRef = FF340B2E1E9E4D4D00B4DB39 /* MLTransition.m */; };
		FF340B711E9E640900B4DB39 /* bookSelect@2x.png in Resources */ = {isa = PBXBuildFile; fileRef = FF340B691E9E640900B4DB39 /* bookSelect@2x.png */; };
		FF340B721E9E640900B4DB39 /* bookSelect@3x.png in Resources */ = {isa = PBXBuildFile; fileRef = FF340B6A1E9E640900B4DB39 /* bookSelect@3x.png */; };
		FF340B731E9E640900B4DB39 /* collectSelect@2x.png in Resources */ = {isa = PBXBuildFile; fileRef = FF340B6B1E9E640900B4DB39 /* collectSelect@2x.png */; };
		FF340B741E9E640900B4DB39 /* collectSelect@3x.png in Resources */ = {isa = PBXBuildFile; fileRef = FF340B6C1E9E640900B4DB39 /* collectSelect@3x.png */; };
		FF340B751E9E640900B4DB39 /* homeSelect@2x.png in Resources */ = {isa = PBXBuildFile; fileRef = FF340B6D1E9E640900B4DB39 /* homeSelect@2x.png */; };
		FF340B761E9E640900B4DB39 /* homeSelect@3x.png in Resources */ = {isa = PBXBuildFile; fileRef = FF340B6E1E9E640900B4DB39 /* homeSelect@3x.png */; };
		FF340B771E9E640900B4DB39 /* userSelect@2x.png in Resources */ = {isa = PBXBuildFile; fileRef = FF340B6F1E9E640900B4DB39 /* userSelect@2x.png */; };
		FF340B781E9E640900B4DB39 /* userSelect@3x.png in Resources */ = {isa = PBXBuildFile; fileRef = FF340B701E9E640900B4DB39 /* userSelect@3x.png */; };
		FF340B811EA0A04A00B4DB39 /* bookNormal@2x.png in Resources */ = {isa = PBXBuildFile; fileRef = FF340B791EA0A04A00B4DB39 /* bookNormal@2x.png */; };
		FF340B821EA0A04A00B4DB39 /* bookNormal@3x.png in Resources */ = {isa = PBXBuildFile; fileRef = FF340B7A1EA0A04A00B4DB39 /* bookNormal@3x.png */; };
		FF340B831EA0A04A00B4DB39 /* collectNormal@2x.png in Resources */ = {isa = PBXBuildFile; fileRef = FF340B7B1EA0A04A00B4DB39 /* collectNormal@2x.png */; };
		FF340B841EA0A04A00B4DB39 /* collectNormal@3x.png in Resources */ = {isa = PBXBuildFile; fileRef = FF340B7C1EA0A04A00B4DB39 /* collectNormal@3x.png */; };
		FF340B851EA0A04A00B4DB39 /* homeNormal@2x.png in Resources */ = {isa = PBXBuildFile; fileRef = FF340B7D1EA0A04A00B4DB39 /* homeNormal@2x.png */; };
		FF340B861EA0A04A00B4DB39 /* homeNormal@3x.png in Resources */ = {isa = PBXBuildFile; fileRef = FF340B7E1EA0A04A00B4DB39 /* homeNormal@3x.png */; };
		FF340B871EA0A04A00B4DB39 /* userNormal@2x.png in Resources */ = {isa = PBXBuildFile; fileRef = FF340B7F1EA0A04A00B4DB39 /* userNormal@2x.png */; };
		FF340B881EA0A04A00B4DB39 /* userNormal@3x.png in Resources */ = {isa = PBXBuildFile; fileRef = FF340B801EA0A04A00B4DB39 /* userNormal@3x.png */; };
		FF61E09E1E9BBE76000E68F0 /* main.m in Sources */ = {isa = PBXBuildFile; fileRef = FF61E09D1E9BBE76000E68F0 /* main.m */; };
		FF61E0A91E9BBE76000E68F0 /* Assets.xcassets in Resources */ = {isa = PBXBuildFile; fileRef = FF61E0A81E9BBE76000E68F0 /* Assets.xcassets */; };
		FF61E0AC1E9BBE76000E68F0 /* LaunchScreen.storyboard in Resources */ = {isa = PBXBuildFile; fileRef = FF61E0AA1E9BBE76000E68F0 /* LaunchScreen.storyboard */; };
		FF61E0B71E9BBE76000E68F0 /* Mr_TimeTests.m in Sources */ = {isa = PBXBuildFile; fileRef = FF61E0B61E9BBE76000E68F0 /* Mr_TimeTests.m */; };
		FF61E0C21E9BBE76000E68F0 /* Mr_TimeUITests.m in Sources */ = {isa = PBXBuildFile; fileRef = FF61E0C11E9BBE76000E68F0 /* Mr_TimeUITests.m */; };
		FFBDCCC91EE52BFF00B3AE23 /* UITableView+SDAutoTableViewCellHeight.m in Sources */ = {isa = PBXBuildFile; fileRef = FFBDCCC61EE52BFF00B3AE23 /* UITableView+SDAutoTableViewCellHeight.m */; };
		FFBDCCCA1EE52BFF00B3AE23 /* UIView+SDAutoLayout.m in Sources */ = {isa = PBXBuildFile; fileRef = FFBDCCC81EE52BFF00B3AE23 /* UIView+SDAutoLayout.m */; };
/* End PBXBuildFile section */

/* Begin PBXContainerItemProxy section */
		FF61E0B31E9BBE76000E68F0 /* PBXContainerItemProxy */ = {
			isa = PBXContainerItemProxy;
			containerPortal = FF61E0911E9BBE76000E68F0 /* Project object */;
			proxyType = 1;
			remoteGlobalIDString = FF61E0981E9BBE76000E68F0;
			remoteInfo = Mr.Time;
		};
		FF61E0BE1E9BBE76000E68F0 /* PBXContainerItemProxy */ = {
			isa = PBXContainerItemProxy;
			containerPortal = FF61E0911E9BBE76000E68F0 /* Project object */;
			proxyType = 1;
			remoteGlobalIDString = FF61E0981E9BBE76000E68F0;
			remoteInfo = Mr.Time;
		};
/* End PBXContainerItemProxy section */

/* Begin PBXFileReference section */
		2811DD938DB0501B1D8023CD /* Pods_Mr_Time.framework */ = {isa = PBXFileReference; explicitFileType = wrapper.framework; includeInIndex = 0; path = Pods_Mr_Time.framework; sourceTree = BUILT_PRODUCTS_DIR; };
		6A3E3194488AB383DFA6D83F /* Pods-Mr.Time.release.xcconfig */ = {isa = PBXFileReference; includeInIndex = 1; lastKnownFileType = text.xcconfig; name = "Pods-Mr.Time.release.xcconfig"; path = "Pods/Target Support Files/Pods-Mr.Time/Pods-Mr.Time.release.xcconfig"; sourceTree = "<group>"; };
		A11F728AAD1C437A121BCF73 /* Pods-Mr.Time.debug.xcconfig */ = {isa = PBXFileReference; includeInIndex = 1; lastKnownFileType = text.xcconfig; name = "Pods-Mr.Time.debug.xcconfig"; path = "Pods/Target Support Files/Pods-Mr.Time/Pods-Mr.Time.debug.xcconfig"; sourceTree = "<group>"; };
		C0A69F2D1EE5557500DB4678 /* WWSimpleVC.h */ = {isa = PBXFileReference; fileEncoding = 4; lastKnownFileType = sourcecode.c.h; path = WWSimpleVC.h; sourceTree = "<group>"; };
		C0A69F2E1EE5557500DB4678 /* WWSimpleVC.m */ = {isa = PBXFileReference; fileEncoding = 4; lastKnownFileType = sourcecode.c.objc; path = WWSimpleVC.m; sourceTree = "<group>"; };
		C0A69F351EE79C2F00DB4678 /* Noticeicon@3x.png */ = {isa = PBXFileReference; lastKnownFileType = image.png; path = "Noticeicon@3x.png"; sourceTree = "<group>"; };
		C0A69F361EE79C2F00DB4678 /* Noticeicon@2x.png */ = {isa = PBXFileReference; lastKnownFileType = image.png; path = "Noticeicon@2x.png"; sourceTree = "<group>"; };
		C0A69F391EE79CCC00DB4678 /* Setting icon@3x.png */ = {isa = PBXFileReference; lastKnownFileType = image.png; path = "Setting icon@3x.png"; sourceTree = "<group>"; };
		C0A69F3A1EE79CCC00DB4678 /* Setting icon@2x.png */ = {isa = PBXFileReference; lastKnownFileType = image.png; path = "Setting icon@2x.png"; sourceTree = "<group>"; };
		C0A69F3D1EE7A01200DB4678 /* headbackground@2x.png */ = {isa = PBXFileReference; lastKnownFileType = image.png; path = "headbackground@2x.png"; sourceTree = "<group>"; };
		C0A69F3E1EE7A01200DB4678 /* headbackground@3x.png */ = {isa = PBXFileReference; lastKnownFileType = image.png; path = "headbackground@3x.png"; sourceTree = "<group>"; };
		C0A69F491EE7D2DE00DB4678 /* dasdasdas.png */ = {isa = PBXFileReference; lastKnownFileType = image.png; path = dasdasdas.png; sourceTree = "<group>"; };
		C0A69F4C1EE7F64A00DB4678 /* 21yearsOld@3x.png */ = {isa = PBXFileReference; lastKnownFileType = image.png; path = "21yearsOld@3x.png"; sourceTree = "<group>"; };
		C0A69F4D1EE7F64A00DB4678 /* 21yearsOld@2x.png */ = {isa = PBXFileReference; lastKnownFileType = image.png; path = "21yearsOld@2x.png"; sourceTree = "<group>"; };
		C0A69F4E1EE7F64A00DB4678 /* 20yearsOld@2x.png */ = {isa = PBXFileReference; lastKnownFileType = image.png; path = "20yearsOld@2x.png"; sourceTree = "<group>"; };
		C0A69F4F1EE7F64A00DB4678 /* 20yearsOld@3x.png */ = {isa = PBXFileReference; lastKnownFileType = image.png; path = "20yearsOld@3x.png"; sourceTree = "<group>"; };
		C0A69F541EE7F65600DB4678 /* userlike@2x.png */ = {isa = PBXFileReference; lastKnownFileType = image.png; path = "userlike@2x.png"; sourceTree = "<group>"; };
		C0A69F551EE7F65600DB4678 /* userlike@3x.png */ = {isa = PBXFileReference; lastKnownFileType = image.png; path = "userlike@3x.png"; sourceTree = "<group>"; };
		C0A69F5D1EE92DEA00DB4678 /* WWNavigationVC.h */ = {isa = PBXFileReference; fileEncoding = 4; lastKnownFileType = sourcecode.c.h; path = WWNavigationVC.h; sourceTree = "<group>"; };
		C0A69F5E1EE92DEA00DB4678 /* WWNavigationVC.m */ = {isa = PBXFileReference; fileEncoding = 4; lastKnownFileType = sourcecode.c.objc; path = WWNavigationVC.m; sourceTree = "<group>"; };
		C0A69F611EE9318D00DB4678 /* bacBackBtn@3x.png */ = {isa = PBXFileReference; lastKnownFileType = image.png; path = "bacBackBtn@3x.png"; sourceTree = "<group>"; };
		C0A69F621EE9318D00DB4678 /* bacBackBtn@2x.png */ = {isa = PBXFileReference; lastKnownFileType = image.png; path = "bacBackBtn@2x.png"; sourceTree = "<group>"; };
		C0A69F671EE9410300DB4678 /* CardCell.swift */ = {isa = PBXFileReference; fileEncoding = 4; lastKnownFileType = sourcecode.swift; path = CardCell.swift; sourceTree = "<group>"; };
		C0A69F681EE9410300DB4678 /* CardView.swift */ = {isa = PBXFileReference; fileEncoding = 4; lastKnownFileType = sourcecode.swift; path = CardView.swift; sourceTree = "<group>"; };
		C0A69F691EE9410300DB4678 /* CustomCardLayout.swift */ = {isa = PBXFileReference; fileEncoding = 4; lastKnownFileType = sourcecode.swift; path = CustomCardLayout.swift; sourceTree = "<group>"; };
		C0A69F6A1EE9410300DB4678 /* CustomFlipTransition.swift */ = {isa = PBXFileReference; fileEncoding = 4; lastKnownFileType = sourcecode.swift; path = CustomFlipTransition.swift; sourceTree = "<group>"; };
		C0A69F6B1EE9410300DB4678 /* UIViewControllerExtension.swift */ = {isa = PBXFileReference; fileEncoding = 4; lastKnownFileType = sourcecode.swift; path = UIViewControllerExtension.swift; sourceTree = "<group>"; };
		C0A69F6C1EE9410300DB4678 /* UIViewExtension.swift */ = {isa = PBXFileReference; fileEncoding = 4; lastKnownFileType = sourcecode.swift; path = UIViewExtension.swift; sourceTree = "<group>"; };
		C0A69F751EE944FB00DB4678 /* ExpandingTableViewController.swift */ = {isa = PBXFileReference; fileEncoding = 4; lastKnownFileType = sourcecode.swift; path = ExpandingTableViewController.swift; sourceTree = "<group>"; };
		C0A69F791EE944FB00DB4678 /* BasePageCollectionCell.swift */ = {isa = PBXFileReference; fileEncoding = 4; lastKnownFileType = sourcecode.swift; path = BasePageCollectionCell.swift; sourceTree = "<group>"; };
		C0A69F7B1EE944FB00DB4678 /* PageCollectionLayout.swift */ = {isa = PBXFileReference; fileEncoding = 4; lastKnownFileType = sourcecode.swift; path = PageCollectionLayout.swift; sourceTree = "<group>"; };
		C0A69F7C1EE944FB00DB4678 /* PageCollectionView.swift */ = {isa = PBXFileReference; fileEncoding = 4; lastKnownFileType = sourcecode.swift; path = PageCollectionView.swift; sourceTree = "<group>"; };
		C0A69F7D1EE944FB00DB4678 /* ExpandingViewController.swift */ = {isa = PBXFileReference; fileEncoding = 4; lastKnownFileType = sourcecode.swift; path = ExpandingViewController.swift; sourceTree = "<group>"; };
		C0A69F811EE944FB00DB4678 /* CornerAnimatable.swift */ = {isa = PBXFileReference; fileEncoding = 4; lastKnownFileType = sourcecode.swift; path = CornerAnimatable.swift; sourceTree = "<group>"; };
		C0A69F831EE944FB00DB4678 /* ConfigurationHelper.swift */ = {isa = PBXFileReference; fileEncoding = 4; lastKnownFileType = sourcecode.swift; path = ConfigurationHelper.swift; sourceTree = "<group>"; };
		C0A69F851EE944FB00DB4678 /* ConstraintsHelper.swift */ = {isa = PBXFileReference; fileEncoding = 4; lastKnownFileType = sourcecode.swift; path = ConstraintsHelper.swift; sourceTree = "<group>"; };
		C0A69F871EE944FB00DB4678 /* ScreenShotHelper.swift */ = {isa = PBXFileReference; fileEncoding = 4; lastKnownFileType = sourcecode.swift; path = ScreenShotHelper.swift; sourceTree = "<group>"; };
		C0A69F891EE944FB00DB4678 /* SubviewsForEach.swift */ = {isa = PBXFileReference; fileEncoding = 4; lastKnownFileType = sourcecode.swift; path = SubviewsForEach.swift; sourceTree = "<group>"; };
		C0A69F8B1EE944FB00DB4678 /* TransitionDriver.swift */ = {isa = PBXFileReference; fileEncoding = 4; lastKnownFileType = sourcecode.swift; path = TransitionDriver.swift; sourceTree = "<group>"; };
		C0A69F9E1EE9498100DB4678 /* Mr.Time-Bridging-Header.h */ = {isa = PBXFileReference; lastKnownFileType = sourcecode.c.h; path = "Mr.Time-Bridging-Header.h"; sourceTree = "<group>"; };
		C0A69F9F1EE949E600DB4678 /* WWSOCommon.swift */ = {isa = PBXFileReference; fileEncoding = 4; lastKnownFileType = sourcecode.swift; path = WWSOCommon.swift; sourceTree = "<group>"; };
		FF340B001E9E03BE00B4DB39 /* WWAppDelegate.h */ = {isa = PBXFileReference; fileEncoding = 4; lastKnownFileType = sourcecode.c.h; path = WWAppDelegate.h; sourceTree = "<group>"; };
		FF340B011E9E03BE00B4DB39 /* WWAppDelegate.m */ = {isa = PBXFileReference; fileEncoding = 4; lastKnownFileType = sourcecode.c.objc; path = WWAppDelegate.m; sourceTree = "<group>"; };
		FF340B061E9E152500B4DB39 /* WWAppDelegate+RootController.h */ = {isa = PBXFileReference; fileEncoding = 4; lastKnownFileType = sourcecode.c.h; path = "WWAppDelegate+RootController.h"; sourceTree = "<group>"; };
		FF340B071E9E152500B4DB39 /* WWAppDelegate+RootController.m */ = {isa = PBXFileReference; fileEncoding = 4; lastKnownFileType = sourcecode.c.objc; path = "WWAppDelegate+RootController.m"; sourceTree = "<group>"; };
		FF340B091E9E153C00B4DB39 /* WWAppDelegate+AppLifeCircle.h */ = {isa = PBXFileReference; fileEncoding = 4; lastKnownFileType = sourcecode.c.h; path = "WWAppDelegate+AppLifeCircle.h"; sourceTree = "<group>"; };
		FF340B0A1E9E153C00B4DB39 /* WWAppDelegate+AppLifeCircle.m */ = {isa = PBXFileReference; fileEncoding = 4; lastKnownFileType = sourcecode.c.objc; path = "WWAppDelegate+AppLifeCircle.m"; sourceTree = "<group>"; };
		FF340B0C1E9E155100B4DB39 /* WWAppDelegate+AppService.h */ = {isa = PBXFileReference; fileEncoding = 4; lastKnownFileType = sourcecode.c.h; path = "WWAppDelegate+AppService.h"; sourceTree = "<group>"; };
		FF340B0D1E9E155100B4DB39 /* WWAppDelegate+AppService.m */ = {isa = PBXFileReference; fileEncoding = 4; lastKnownFileType = sourcecode.c.objc; path = "WWAppDelegate+AppService.m"; sourceTree = "<group>"; };
		FF340B111E9E19FE00B4DB39 /* WWRootViewController.h */ = {isa = PBXFileReference; fileEncoding = 4; lastKnownFileType = sourcecode.c.h; path = WWRootViewController.h; sourceTree = "<group>"; };
		FF340B121E9E19FE00B4DB39 /* WWRootViewController.m */ = {isa = PBXFileReference; fileEncoding = 4; lastKnownFileType = sourcecode.c.objc; path = WWRootViewController.m; sourceTree = "<group>"; };
		FF340B181E9E1FA200B4DB39 /* HomeViewController.h */ = {isa = PBXFileReference; fileEncoding = 4; lastKnownFileType = sourcecode.c.h; path = HomeViewController.h; sourceTree = "<group>"; };
		FF340B191E9E1FA200B4DB39 /* HomeViewController.m */ = {isa = PBXFileReference; fileEncoding = 4; lastKnownFileType = sourcecode.c.objc; path = HomeViewController.m; sourceTree = "<group>"; };
		FF340B1B1E9E1FC600B4DB39 /* UserViewController.h */ = {isa = PBXFileReference; fileEncoding = 4; lastKnownFileType = sourcecode.c.h; path = UserViewController.h; sourceTree = "<group>"; };
		FF340B1C1E9E1FC600B4DB39 /* UserViewController.m */ = {isa = PBXFileReference; fileEncoding = 4; lastKnownFileType = sourcecode.c.objc; path = UserViewController.m; sourceTree = "<group>"; };
		FF340B1E1E9E1FDC00B4DB39 /* LoginViewController.h */ = {isa = PBXFileReference; fileEncoding = 4; lastKnownFileType = sourcecode.c.h; path = LoginViewController.h; sourceTree = "<group>"; };
		FF340B1F1E9E1FDC00B4DB39 /* LoginViewController.m */ = {isa = PBXFileReference; fileEncoding = 4; lastKnownFileType = sourcecode.c.objc; path = LoginViewController.m; sourceTree = "<group>"; };
		FF340B211E9E1FF000B4DB39 /* CollectViewController.h */ = {isa = PBXFileReference; fileEncoding = 4; lastKnownFileType = sourcecode.c.h; path = CollectViewController.h; sourceTree = "<group>"; };
		FF340B221E9E1FF000B4DB39 /* CollectViewController.m */ = {isa = PBXFileReference; fileEncoding = 4; lastKnownFileType = sourcecode.c.objc; path = CollectViewController.m; sourceTree = "<group>"; };
		FF340B241E9E200000B4DB39 /* BookViewController.h */ = {isa = PBXFileReference; fileEncoding = 4; lastKnownFileType = sourcecode.c.h; path = BookViewController.h; sourceTree = "<group>"; };
		FF340B251E9E200000B4DB39 /* BookViewController.m */ = {isa = PBXFileReference; fileEncoding = 4; lastKnownFileType = sourcecode.c.objc; path = BookViewController.m; sourceTree = "<group>"; };
		FF340B281E9E245500B4DB39 /* WWCommon.pch */ = {isa = PBXFileReference; lastKnownFileType = sourcecode.c.h; path = WWCommon.pch; sourceTree = "<group>"; };
		FF340B291E9E3C5200B4DB39 /* ACMacros.h */ = {isa = PBXFileReference; fileEncoding = 4; lastKnownFileType = sourcecode.c.h; path = ACMacros.h; sourceTree = "<group>"; };
		FF340B2A1E9E3C5200B4DB39 /* VTGeneralTool.h */ = {isa = PBXFileReference; fileEncoding = 4; lastKnownFileType = sourcecode.c.h; path = VTGeneralTool.h; sourceTree = "<group>"; };
		FF340B2B1E9E3C5200B4DB39 /* VTGeneralTool.m */ = {isa = PBXFileReference; fileEncoding = 4; lastKnownFileType = sourcecode.c.objc; path = VTGeneralTool.m; sourceTree = "<group>"; };
		FF340B2D1E9E4D4D00B4DB39 /* MLTransition.h */ = {isa = PBXFileReference; fileEncoding = 4; lastKnownFileType = sourcecode.c.h; path = MLTransition.h; sourceTree = "<group>"; };
		FF340B2E1E9E4D4D00B4DB39 /* MLTransition.m */ = {isa = PBXFileReference; fileEncoding = 4; lastKnownFileType = sourcecode.c.objc; path = MLTransition.m; sourceTree = "<group>"; };
		FF340B691E9E640900B4DB39 /* bookSelect@2x.png */ = {isa = PBXFileReference; lastKnownFileType = image.png; path = "bookSelect@2x.png"; sourceTree = "<group>"; };
		FF340B6A1E9E640900B4DB39 /* bookSelect@3x.png */ = {isa = PBXFileReference; lastKnownFileType = image.png; path = "bookSelect@3x.png"; sourceTree = "<group>"; };
		FF340B6B1E9E640900B4DB39 /* collectSelect@2x.png */ = {isa = PBXFileReference; lastKnownFileType = image.png; path = "collectSelect@2x.png"; sourceTree = "<group>"; };
		FF340B6C1E9E640900B4DB39 /* collectSelect@3x.png */ = {isa = PBXFileReference; lastKnownFileType = image.png; path = "collectSelect@3x.png"; sourceTree = "<group>"; };
		FF340B6D1E9E640900B4DB39 /* homeSelect@2x.png */ = {isa = PBXFileReference; lastKnownFileType = image.png; path = "homeSelect@2x.png"; sourceTree = "<group>"; };
		FF340B6E1E9E640900B4DB39 /* homeSelect@3x.png */ = {isa = PBXFileReference; lastKnownFileType = image.png; path = "homeSelect@3x.png"; sourceTree = "<group>"; };
		FF340B6F1E9E640900B4DB39 /* userSelect@2x.png */ = {isa = PBXFileReference; lastKnownFileType = image.png; path = "userSelect@2x.png"; sourceTree = "<group>"; };
		FF340B701E9E640900B4DB39 /* userSelect@3x.png */ = {isa = PBXFileReference; lastKnownFileType = image.png; path = "userSelect@3x.png"; sourceTree = "<group>"; };
		FF340B791EA0A04A00B4DB39 /* bookNormal@2x.png */ = {isa = PBXFileReference; lastKnownFileType = image.png; path = "bookNormal@2x.png"; sourceTree = "<group>"; };
		FF340B7A1EA0A04A00B4DB39 /* bookNormal@3x.png */ = {isa = PBXFileReference; lastKnownFileType = image.png; path = "bookNormal@3x.png"; sourceTree = "<group>"; };
		FF340B7B1EA0A04A00B4DB39 /* collectNormal@2x.png */ = {isa = PBXFileReference; lastKnownFileType = image.png; path = "collectNormal@2x.png"; sourceTree = "<group>"; };
		FF340B7C1EA0A04A00B4DB39 /* collectNormal@3x.png */ = {isa = PBXFileReference; lastKnownFileType = image.png; path = "collectNormal@3x.png"; sourceTree = "<group>"; };
		FF340B7D1EA0A04A00B4DB39 /* homeNormal@2x.png */ = {isa = PBXFileReference; lastKnownFileType = image.png; path = "homeNormal@2x.png"; sourceTree = "<group>"; };
		FF340B7E1EA0A04A00B4DB39 /* homeNormal@3x.png */ = {isa = PBXFileReference; lastKnownFileType = image.png; path = "homeNormal@3x.png"; sourceTree = "<group>"; };
		FF340B7F1EA0A04A00B4DB39 /* userNormal@2x.png */ = {isa = PBXFileReference; lastKnownFileType = image.png; path = "userNormal@2x.png"; sourceTree = "<group>"; };
		FF340B801EA0A04A00B4DB39 /* userNormal@3x.png */ = {isa = PBXFileReference; lastKnownFileType = image.png; path = "userNormal@3x.png"; sourceTree = "<group>"; };
		FF61E0991E9BBE76000E68F0 /* Mr.Time.app */ = {isa = PBXFileReference; explicitFileType = wrapper.application; includeInIndex = 0; path = Mr.Time.app; sourceTree = BUILT_PRODUCTS_DIR; };
		FF61E09D1E9BBE76000E68F0 /* main.m */ = {isa = PBXFileReference; lastKnownFileType = sourcecode.c.objc; path = main.m; sourceTree = "<group>"; };
		FF61E0A81E9BBE76000E68F0 /* Assets.xcassets */ = {isa = PBXFileReference; lastKnownFileType = folder.assetcatalog; path = Assets.xcassets; sourceTree = "<group>"; };
		FF61E0AB1E9BBE76000E68F0 /* Base */ = {isa = PBXFileReference; lastKnownFileType = file.storyboard; name = Base; path = Base.lproj/LaunchScreen.storyboard; sourceTree = "<group>"; };
		FF61E0AD1E9BBE76000E68F0 /* Info.plist */ = {isa = PBXFileReference; lastKnownFileType = text.plist.xml; path = Info.plist; sourceTree = "<group>"; };
		FF61E0B21E9BBE76000E68F0 /* Mr.TimeTests.xctest */ = {isa = PBXFileReference; explicitFileType = wrapper.cfbundle; includeInIndex = 0; path = Mr.TimeTests.xctest; sourceTree = BUILT_PRODUCTS_DIR; };
		FF61E0B61E9BBE76000E68F0 /* Mr_TimeTests.m */ = {isa = PBXFileReference; lastKnownFileType = sourcecode.c.objc; path = Mr_TimeTests.m; sourceTree = "<group>"; };
		FF61E0B81E9BBE76000E68F0 /* Info.plist */ = {isa = PBXFileReference; lastKnownFileType = text.plist.xml; path = Info.plist; sourceTree = "<group>"; };
		FF61E0BD1E9BBE76000E68F0 /* Mr.TimeUITests.xctest */ = {isa = PBXFileReference; explicitFileType = wrapper.cfbundle; includeInIndex = 0; path = Mr.TimeUITests.xctest; sourceTree = BUILT_PRODUCTS_DIR; };
		FF61E0C11E9BBE76000E68F0 /* Mr_TimeUITests.m */ = {isa = PBXFileReference; lastKnownFileType = sourcecode.c.objc; path = Mr_TimeUITests.m; sourceTree = "<group>"; };
		FF61E0C31E9BBE76000E68F0 /* Info.plist */ = {isa = PBXFileReference; lastKnownFileType = text.plist.xml; path = Info.plist; sourceTree = "<group>"; };
		FFBDCCC41EE52BFF00B3AE23 /* SDAutoLayout.h */ = {isa = PBXFileReference; fileEncoding = 4; lastKnownFileType = sourcecode.c.h; path = SDAutoLayout.h; sourceTree = "<group>"; };
		FFBDCCC51EE52BFF00B3AE23 /* UITableView+SDAutoTableViewCellHeight.h */ = {isa = PBXFileReference; fileEncoding = 4; lastKnownFileType = sourcecode.c.h; path = "UITableView+SDAutoTableViewCellHeight.h"; sourceTree = "<group>"; };
		FFBDCCC61EE52BFF00B3AE23 /* UITableView+SDAutoTableViewCellHeight.m */ = {isa = PBXFileReference; fileEncoding = 4; lastKnownFileType = sourcecode.c.objc; path = "UITableView+SDAutoTableViewCellHeight.m"; sourceTree = "<group>"; };
		FFBDCCC71EE52BFF00B3AE23 /* UIView+SDAutoLayout.h */ = {isa = PBXFileReference; fileEncoding = 4; lastKnownFileType = sourcecode.c.h; path = "UIView+SDAutoLayout.h"; sourceTree = "<group>"; };
		FFBDCCC81EE52BFF00B3AE23 /* UIView+SDAutoLayout.m */ = {isa = PBXFileReference; fileEncoding = 4; lastKnownFileType = sourcecode.c.objc; path = "UIView+SDAutoLayout.m"; sourceTree = "<group>"; };
		FFBDCCCB1EE52CBD00B3AE23 /* Reveal.framework */ = {isa = PBXFileReference; lastKnownFileType = wrapper.framework; path = Reveal.framework; sourceTree = "<group>"; };
/* End PBXFileReference section */

/* Begin PBXFrameworksBuildPhase section */
		FF61E0961E9BBE76000E68F0 /* Frameworks */ = {
			isa = PBXFrameworksBuildPhase;
			buildActionMask = 2147483647;
			files = (
				8E0E38A3D0D61B3B40177530 /* Pods_Mr_Time.framework in Frameworks */,
			);
			runOnlyForDeploymentPostprocessing = 0;
		};
		FF61E0AF1E9BBE76000E68F0 /* Frameworks */ = {
			isa = PBXFrameworksBuildPhase;
			buildActionMask = 2147483647;
			files = (
			);
			runOnlyForDeploymentPostprocessing = 0;
		};
		FF61E0BA1E9BBE76000E68F0 /* Frameworks */ = {
			isa = PBXFrameworksBuildPhase;
			buildActionMask = 2147483647;
			files = (
			);
			runOnlyForDeploymentPostprocessing = 0;
		};
/* End PBXFrameworksBuildPhase section */

/* Begin PBXGroup section */
		AD91E9AE2C06A0B3DD5AE790 /* Frameworks */ = {
			isa = PBXGroup;
			children = (
				2811DD938DB0501B1D8023CD /* Pods_Mr_Time.framework */,
			);
			name = Frameworks;
			sourceTree = "<group>";
		};
		C0A69F301EE7984500DB4678 /* userView */ = {
			isa = PBXGroup;
			children = (
				C0A69F541EE7F65600DB4678 /* userlike@2x.png */,
				C0A69F551EE7F65600DB4678 /* userlike@3x.png */,
				C0A69F3D1EE7A01200DB4678 /* headbackground@2x.png */,
				C0A69F3E1EE7A01200DB4678 /* headbackground@3x.png */,
				C0A69F391EE79CCC00DB4678 /* Setting icon@3x.png */,
				C0A69F3A1EE79CCC00DB4678 /* Setting icon@2x.png */,
				C0A69F351EE79C2F00DB4678 /* Noticeicon@3x.png */,
				C0A69F361EE79C2F00DB4678 /* Noticeicon@2x.png */,
			);
			path = userView;
			sourceTree = "<group>";
		};
		C0A69F4B1EE7F5EA00DB4678 /* userYear */ = {
			isa = PBXGroup;
			children = (
				C0A69F4C1EE7F64A00DB4678 /* 21yearsOld@3x.png */,
				C0A69F4D1EE7F64A00DB4678 /* 21yearsOld@2x.png */,
				C0A69F4E1EE7F64A00DB4678 /* 20yearsOld@2x.png */,
				C0A69F4F1EE7F64A00DB4678 /* 20yearsOld@3x.png */,
			);
			path = userYear;
			sourceTree = "<group>";
		};
		C0A69F5B1EE92DBA00DB4678 /* Common */ = {
			isa = PBXGroup;
			children = (
				C0A69F5C1EE92DCA00DB4678 /* Nav */,
			);
			path = Common;
			sourceTree = "<group>";
		};
		C0A69F5C1EE92DCA00DB4678 /* Nav */ = {
			isa = PBXGroup;
			children = (
				C0A69F5D1EE92DEA00DB4678 /* WWNavigationVC.h */,
				C0A69F5E1EE92DEA00DB4678 /* WWNavigationVC.m */,
			);
			path = Nav;
			sourceTree = "<group>";
		};
		C0A69F601EE9317E00DB4678 /* Common */ = {
			isa = PBXGroup;
			children = (
				C0A69F611EE9318D00DB4678 /* bacBackBtn@3x.png */,
				C0A69F621EE9318D00DB4678 /* bacBackBtn@2x.png */,
			);
			path = Common;
			sourceTree = "<group>";
		};
		C0A69F651EE9410300DB4678 /* MMCardView */ = {
			isa = PBXGroup;
			children = (
				C0A69F661EE9410300DB4678 /* Classes */,
			);
			path = MMCardView;
			sourceTree = "<group>";
		};
		C0A69F661EE9410300DB4678 /* Classes */ = {
			isa = PBXGroup;
			children = (
				C0A69F671EE9410300DB4678 /* CardCell.swift */,
				C0A69F681EE9410300DB4678 /* CardView.swift */,
				C0A69F691EE9410300DB4678 /* CustomCardLayout.swift */,
				C0A69F6A1EE9410300DB4678 /* CustomFlipTransition.swift */,
				C0A69F6B1EE9410300DB4678 /* UIViewControllerExtension.swift */,
				C0A69F6C1EE9410300DB4678 /* UIViewExtension.swift */,
			);
			path = Classes;
			sourceTree = "<group>";
		};
		C0A69F731EE944FB00DB4678 /* Source */ = {
			isa = PBXGroup;
			children = (
				C0A69F741EE944FB00DB4678 /* ExpandingTableViewController */,
				C0A69F761EE944FB00DB4678 /* ExpandingViewController */,
				C0A69F7E1EE944FB00DB4678 /* Helpers */,
				C0A69F8A1EE944FB00DB4678 /* TransitionDriver */,
			);
			path = Source;
			sourceTree = "<group>";
		};
		C0A69F741EE944FB00DB4678 /* ExpandingTableViewController */ = {
			isa = PBXGroup;
			children = (
				C0A69F751EE944FB00DB4678 /* ExpandingTableViewController.swift */,
			);
			path = ExpandingTableViewController;
			sourceTree = "<group>";
		};
		C0A69F761EE944FB00DB4678 /* ExpandingViewController */ = {
			isa = PBXGroup;
			children = (
				C0A69F771EE944FB00DB4678 /* CollectionView */,
				C0A69F7D1EE944FB00DB4678 /* ExpandingViewController.swift */,
			);
			path = ExpandingViewController;
			sourceTree = "<group>";
		};
		C0A69F771EE944FB00DB4678 /* CollectionView */ = {
			isa = PBXGroup;
			children = (
				C0A69F781EE944FB00DB4678 /* Cells */,
				C0A69F7A1EE944FB00DB4678 /* Layout */,
				C0A69F7C1EE944FB00DB4678 /* PageCollectionView.swift */,
			);
			path = CollectionView;
			sourceTree = "<group>";
		};
		C0A69F781EE944FB00DB4678 /* Cells */ = {
			isa = PBXGroup;
			children = (
				C0A69F791EE944FB00DB4678 /* BasePageCollectionCell.swift */,
			);
			path = Cells;
			sourceTree = "<group>";
		};
		C0A69F7A1EE944FB00DB4678 /* Layout */ = {
			isa = PBXGroup;
			children = (
				C0A69F7B1EE944FB00DB4678 /* PageCollectionLayout.swift */,
			);
			path = Layout;
			sourceTree = "<group>";
		};
		C0A69F7E1EE944FB00DB4678 /* Helpers */ = {
			isa = PBXGroup;
			children = (
				C0A69F7F1EE944FB00DB4678 /* Animations */,
				C0A69F821EE944FB00DB4678 /* ConfigurationHelper */,
				C0A69F841EE944FB00DB4678 /* Constraints Helpers */,
				C0A69F861EE944FB00DB4678 /* ScreenShot */,
				C0A69F881EE944FB00DB4678 /* SubviewsForEach */,
			);
			path = Helpers;
			sourceTree = "<group>";
		};
		C0A69F7F1EE944FB00DB4678 /* Animations */ = {
			isa = PBXGroup;
			children = (
				C0A69F801EE944FB00DB4678 /* CornerAnimatable */,
			);
			path = Animations;
			sourceTree = "<group>";
		};
		C0A69F801EE944FB00DB4678 /* CornerAnimatable */ = {
			isa = PBXGroup;
			children = (
				C0A69F811EE944FB00DB4678 /* CornerAnimatable.swift */,
			);
			path = CornerAnimatable;
			sourceTree = "<group>";
		};
		C0A69F821EE944FB00DB4678 /* ConfigurationHelper */ = {
			isa = PBXGroup;
			children = (
				C0A69F831EE944FB00DB4678 /* ConfigurationHelper.swift */,
			);
			path = ConfigurationHelper;
			sourceTree = "<group>";
		};
		C0A69F841EE944FB00DB4678 /* Constraints Helpers */ = {
			isa = PBXGroup;
			children = (
				C0A69F851EE944FB00DB4678 /* ConstraintsHelper.swift */,
			);
			path = "Constraints Helpers";
			sourceTree = "<group>";
		};
		C0A69F861EE944FB00DB4678 /* ScreenShot */ = {
			isa = PBXGroup;
			children = (
				C0A69F871EE944FB00DB4678 /* ScreenShotHelper.swift */,
			);
			path = ScreenShot;
			sourceTree = "<group>";
		};
		C0A69F881EE944FB00DB4678 /* SubviewsForEach */ = {
			isa = PBXGroup;
			children = (
				C0A69F891EE944FB00DB4678 /* SubviewsForEach.swift */,
			);
			path = SubviewsForEach;
			sourceTree = "<group>";
		};
		C0A69F8A1EE944FB00DB4678 /* TransitionDriver */ = {
			isa = PBXGroup;
			children = (
				C0A69F8B1EE944FB00DB4678 /* TransitionDriver.swift */,
			);
			path = TransitionDriver;
			sourceTree = "<group>";
		};
		E7C8D3B30187A7682DEF85CA /* Pods */ = {
			isa = PBXGroup;
			children = (
				A11F728AAD1C437A121BCF73 /* Pods-Mr.Time.debug.xcconfig */,
				6A3E3194488AB383DFA6D83F /* Pods-Mr.Time.release.xcconfig */,
			);
			name = Pods;
			sourceTree = "<group>";
		};
		FF340B0F1E9E192500B4DB39 /* home */ = {
			isa = PBXGroup;
			children = (
				FF340B181E9E1FA200B4DB39 /* HomeViewController.h */,
				FF340B191E9E1FA200B4DB39 /* HomeViewController.m */,
				C0A69F2D1EE5557500DB4678 /* WWSimpleVC.h */,
				C0A69F2E1EE5557500DB4678 /* WWSimpleVC.m */,
			);
			path = home;
			sourceTree = "<group>";
		};
		FF340B101E9E19B900B4DB39 /* Main */ = {
			isa = PBXGroup;
			children = (
				FF340B111E9E19FE00B4DB39 /* WWRootViewController.h */,
				FF340B121E9E19FE00B4DB39 /* WWRootViewController.m */,
			);
			path = Main;
			sourceTree = "<group>";
		};
		FF340B141E9E1F2D00B4DB39 /* Book */ = {
			isa = PBXGroup;
			children = (
				FF340B241E9E200000B4DB39 /* BookViewController.h */,
				FF340B251E9E200000B4DB39 /* BookViewController.m */,
			);
			path = Book;
			sourceTree = "<group>";
		};
		FF340B151E9E1F2D00B4DB39 /* Collect */ = {
			isa = PBXGroup;
			children = (
				FF340B211E9E1FF000B4DB39 /* CollectViewController.h */,
				FF340B221E9E1FF000B4DB39 /* CollectViewController.m */,
				FF340B161E9E1F2D00B4DB39 /* Login */,
			);
			path = Collect;
			sourceTree = "<group>";
		};
		FF340B161E9E1F2D00B4DB39 /* Login */ = {
			isa = PBXGroup;
			children = (
				FF340B1E1E9E1FDC00B4DB39 /* LoginViewController.h */,
				FF340B1F1E9E1FDC00B4DB39 /* LoginViewController.m */,
			);
			name = Login;
			path = ../Login;
			sourceTree = "<group>";
		};
		FF340B171E9E1F2D00B4DB39 /* User */ = {
			isa = PBXGroup;
			children = (
				FF340B1B1E9E1FC600B4DB39 /* UserViewController.h */,
				FF340B1C1E9E1FC600B4DB39 /* UserViewController.m */,
			);
			path = User;
			sourceTree = "<group>";
		};
		FF340B301E9E520D00B4DB39 /* tabbar */ = {
			isa = PBXGroup;
			children = (
				FF340B691E9E640900B4DB39 /* bookSelect@2x.png */,
				FF340B6A1E9E640900B4DB39 /* bookSelect@3x.png */,
				FF340B6B1E9E640900B4DB39 /* collectSelect@2x.png */,
				FF340B6C1E9E640900B4DB39 /* collectSelect@3x.png */,
				FF340B6D1E9E640900B4DB39 /* homeSelect@2x.png */,
				FF340B6E1E9E640900B4DB39 /* homeSelect@3x.png */,
				FF340B6F1E9E640900B4DB39 /* userSelect@2x.png */,
				FF340B701E9E640900B4DB39 /* userSelect@3x.png */,
				FF340B791EA0A04A00B4DB39 /* bookNormal@2x.png */,
				FF340B7A1EA0A04A00B4DB39 /* bookNormal@3x.png */,
				FF340B7B1EA0A04A00B4DB39 /* collectNormal@2x.png */,
				FF340B7C1EA0A04A00B4DB39 /* collectNormal@3x.png */,
				FF340B7D1EA0A04A00B4DB39 /* homeNormal@2x.png */,
				FF340B7E1EA0A04A00B4DB39 /* homeNormal@3x.png */,
				FF340B7F1EA0A04A00B4DB39 /* userNormal@2x.png */,
				FF340B801EA0A04A00B4DB39 /* userNormal@3x.png */,
			);
			path = tabbar;
			sourceTree = "<group>";
		};
		FF61E0901E9BBE76000E68F0 = {
			isa = PBXGroup;
			children = (
				FFBDCCCB1EE52CBD00B3AE23 /* Reveal.framework */,
				FF61E09B1E9BBE76000E68F0 /* Mr.Time */,
				FF61E0B51E9BBE76000E68F0 /* Mr.TimeTests */,
				FF61E0C01E9BBE76000E68F0 /* Mr.TimeUITests */,
				FF61E09A1E9BBE76000E68F0 /* Products */,
				E7C8D3B30187A7682DEF85CA /* Pods */,
				AD91E9AE2C06A0B3DD5AE790 /* Frameworks */,
			);
			sourceTree = "<group>";
		};
		FF61E09A1E9BBE76000E68F0 /* Products */ = {
			isa = PBXGroup;
			children = (
				FF61E0991E9BBE76000E68F0 /* Mr.Time.app */,
				FF61E0B21E9BBE76000E68F0 /* Mr.TimeTests.xctest */,
				FF61E0BD1E9BBE76000E68F0 /* Mr.TimeUITests.xctest */,
			);
			name = Products;
			sourceTree = "<group>";
		};
		FF61E09B1E9BBE76000E68F0 /* Mr.Time */ = {
			isa = PBXGroup;
			children = (
				C0A69F5B1EE92DBA00DB4678 /* Common */,
				FF61E0CF1E9BC061000E68F0 /* AppDelegate */,
				FF61E0D11E9BC061000E68F0 /* General */,
				FF61E0D41E9BC061000E68F0 /* Libs */,
				FF61E0D51E9BC061000E68F0 /* Macro */,
				FF61E0D61E9BC061000E68F0 /* Models */,
				FF61E0D71E9BC061000E68F0 /* Resources */,
				FF61E0D81E9BC061000E68F0 /* Vendors */,
				FF61E09C1E9BBE76000E68F0 /* Supporting Files */,
			);
			path = Mr.Time;
			sourceTree = "<group>";
		};
		FF61E09C1E9BBE76000E68F0 /* Supporting Files */ = {
			isa = PBXGroup;
			children = (
				FF61E0AD1E9BBE76000E68F0 /* Info.plist */,
				FF61E0AA1E9BBE76000E68F0 /* LaunchScreen.storyboard */,
				FF61E0A81E9BBE76000E68F0 /* Assets.xcassets */,
				FF61E09D1E9BBE76000E68F0 /* main.m */,
				C0A69F9E1EE9498100DB4678 /* Mr.Time-Bridging-Header.h */,
				C0A69F9F1EE949E600DB4678 /* WWSOCommon.swift */,
			);
			name = "Supporting Files";
			sourceTree = "<group>";
		};
		FF61E0B51E9BBE76000E68F0 /* Mr.TimeTests */ = {
			isa = PBXGroup;
			children = (
				FF61E0B61E9BBE76000E68F0 /* Mr_TimeTests.m */,
				FF61E0B81E9BBE76000E68F0 /* Info.plist */,
			);
			path = Mr.TimeTests;
			sourceTree = "<group>";
		};
		FF61E0C01E9BBE76000E68F0 /* Mr.TimeUITests */ = {
			isa = PBXGroup;
			children = (
				FF61E0C11E9BBE76000E68F0 /* Mr_TimeUITests.m */,
				FF61E0C31E9BBE76000E68F0 /* Info.plist */,
			);
			path = Mr.TimeUITests;
			sourceTree = "<group>";
		};
		FF61E0CF1E9BC061000E68F0 /* AppDelegate */ = {
			isa = PBXGroup;
			children = (
				FF340B001E9E03BE00B4DB39 /* WWAppDelegate.h */,
				FF340B011E9E03BE00B4DB39 /* WWAppDelegate.m */,
				FF340B061E9E152500B4DB39 /* WWAppDelegate+RootController.h */,
				FF340B071E9E152500B4DB39 /* WWAppDelegate+RootController.m */,
				FF340B091E9E153C00B4DB39 /* WWAppDelegate+AppLifeCircle.h */,
				FF340B0A1E9E153C00B4DB39 /* WWAppDelegate+AppLifeCircle.m */,
				FF340B0C1E9E155100B4DB39 /* WWAppDelegate+AppService.h */,
				FF340B0D1E9E155100B4DB39 /* WWAppDelegate+AppService.m */,
			);
			path = AppDelegate;
			sourceTree = "<group>";
		};
		FF61E0D11E9BC061000E68F0 /* General */ = {
			isa = PBXGroup;
			children = (
				FF340B101E9E19B900B4DB39 /* Main */,
				FF61E0D21E9BC061000E68F0 /* Classes */,
				FF61E0D31E9BC061000E68F0 /* View */,
			);
			path = General;
			sourceTree = "<group>";
		};
		FF61E0D21E9BC061000E68F0 /* Classes */ = {
			isa = PBXGroup;
			children = (
				FF340B141E9E1F2D00B4DB39 /* Book */,
				FF340B151E9E1F2D00B4DB39 /* Collect */,
				FF340B171E9E1F2D00B4DB39 /* User */,
				FF340B0F1E9E192500B4DB39 /* home */,
			);
			path = Classes;
			sourceTree = "<group>";
		};
		FF61E0D31E9BC061000E68F0 /* View */ = {
			isa = PBXGroup;
			children = (
			);
			path = View;
			sourceTree = "<group>";
		};
		FF61E0D41E9BC061000E68F0 /* Libs */ = {
			isa = PBXGroup;
			children = (
				C0A69F731EE944FB00DB4678 /* Source */,
				C0A69F651EE9410300DB4678 /* MMCardView */,
				FFBDCCC31EE52BFF00B3AE23 /* SDAutoLayout */,
			);
			path = Libs;
			sourceTree = "<group>";
		};
		FF61E0D51E9BC061000E68F0 /* Macro */ = {
			isa = PBXGroup;
			children = (
				FF340B281E9E245500B4DB39 /* WWCommon.pch */,
			);
			path = Macro;
			sourceTree = "<group>";
		};
		FF61E0D61E9BC061000E68F0 /* Models */ = {
			isa = PBXGroup;
			children = (
			);
			path = Models;
			sourceTree = "<group>";
		};
		FF61E0D71E9BC061000E68F0 /* Resources */ = {
			isa = PBXGroup;
			children = (
				C0A69F601EE9317E00DB4678 /* Common */,
				C0A69F4B1EE7F5EA00DB4678 /* userYear */,
				C0A69F491EE7D2DE00DB4678 /* dasdasdas.png */,
				C0A69F301EE7984500DB4678 /* userView */,
				FF340B301E9E520D00B4DB39 /* tabbar */,
			);
			path = Resources;
			sourceTree = "<group>";
		};
		FF61E0D81E9BC061000E68F0 /* Vendors */ = {
			isa = PBXGroup;
			children = (
				FF340B2D1E9E4D4D00B4DB39 /* MLTransition.h */,
				FF340B2E1E9E4D4D00B4DB39 /* MLTransition.m */,
				FF340B291E9E3C5200B4DB39 /* ACMacros.h */,
				FF340B2A1E9E3C5200B4DB39 /* VTGeneralTool.h */,
				FF340B2B1E9E3C5200B4DB39 /* VTGeneralTool.m */,
			);
			path = Vendors;
			sourceTree = "<group>";
		};
		FFBDCCC31EE52BFF00B3AE23 /* SDAutoLayout */ = {
			isa = PBXGroup;
			children = (
				FFBDCCC41EE52BFF00B3AE23 /* SDAutoLayout.h */,
				FFBDCCC51EE52BFF00B3AE23 /* UITableView+SDAutoTableViewCellHeight.h */,
				FFBDCCC61EE52BFF00B3AE23 /* UITableView+SDAutoTableViewCellHeight.m */,
				FFBDCCC71EE52BFF00B3AE23 /* UIView+SDAutoLayout.h */,
				FFBDCCC81EE52BFF00B3AE23 /* UIView+SDAutoLayout.m */,
			);
			path = SDAutoLayout;
			sourceTree = "<group>";
		};
/* End PBXGroup section */

/* Begin PBXNativeTarget section */
		FF61E0981E9BBE76000E68F0 /* Mr.Time */ = {
			isa = PBXNativeTarget;
			buildConfigurationList = FF61E0C61E9BBE76000E68F0 /* Build configuration list for PBXNativeTarget "Mr.Time" */;
			buildPhases = (
				D54F285DA5A2E378593A1E15 /* [CP] Check Pods Manifest.lock */,
				FF61E0951E9BBE76000E68F0 /* Sources */,
				FF61E0961E9BBE76000E68F0 /* Frameworks */,
				FF61E0971E9BBE76000E68F0 /* Resources */,
				A95E8D4741100E7E01011EFD /* [CP] Embed Pods Frameworks */,
				0A5F6DDAC124C8F50BCA4FB1 /* [CP] Copy Pods Resources */,
			);
			buildRules = (
			);
			dependencies = (
			);
			name = Mr.Time;
			productName = Mr.Time;
			productReference = FF61E0991E9BBE76000E68F0 /* Mr.Time.app */;
			productType = "com.apple.product-type.application";
		};
		FF61E0B11E9BBE76000E68F0 /* Mr.TimeTests */ = {
			isa = PBXNativeTarget;
			buildConfigurationList = FF61E0C91E9BBE76000E68F0 /* Build configuration list for PBXNativeTarget "Mr.TimeTests" */;
			buildPhases = (
				FF61E0AE1E9BBE76000E68F0 /* Sources */,
				FF61E0AF1E9BBE76000E68F0 /* Frameworks */,
				FF61E0B01E9BBE76000E68F0 /* Resources */,
			);
			buildRules = (
			);
			dependencies = (
				FF61E0B41E9BBE76000E68F0 /* PBXTargetDependency */,
			);
			name = Mr.TimeTests;
			productName = Mr.TimeTests;
			productReference = FF61E0B21E9BBE76000E68F0 /* Mr.TimeTests.xctest */;
			productType = "com.apple.product-type.bundle.unit-test";
		};
		FF61E0BC1E9BBE76000E68F0 /* Mr.TimeUITests */ = {
			isa = PBXNativeTarget;
			buildConfigurationList = FF61E0CC1E9BBE76000E68F0 /* Build configuration list for PBXNativeTarget "Mr.TimeUITests" */;
			buildPhases = (
				FF61E0B91E9BBE76000E68F0 /* Sources */,
				FF61E0BA1E9BBE76000E68F0 /* Frameworks */,
				FF61E0BB1E9BBE76000E68F0 /* Resources */,
			);
			buildRules = (
			);
			dependencies = (
				FF61E0BF1E9BBE76000E68F0 /* PBXTargetDependency */,
			);
			name = Mr.TimeUITests;
			productName = Mr.TimeUITests;
			productReference = FF61E0BD1E9BBE76000E68F0 /* Mr.TimeUITests.xctest */;
			productType = "com.apple.product-type.bundle.ui-testing";
		};
/* End PBXNativeTarget section */

/* Begin PBXProject section */
		FF61E0911E9BBE76000E68F0 /* Project object */ = {
			isa = PBXProject;
			attributes = {
				CLASSPREFIX = WW;
				LastUpgradeCheck = 0820;
				ORGANIZATIONNAME = Offape;
				TargetAttributes = {
					FF61E0981E9BBE76000E68F0 = {
						CreatedOnToolsVersion = 8.2.1;
						DevelopmentTeam = WQUPS6XKQ9;
						ProvisioningStyle = Automatic;
					};
					FF61E0B11E9BBE76000E68F0 = {
						CreatedOnToolsVersion = 8.2.1;
						DevelopmentTeam = 2CSYYV5Z4H;
						ProvisioningStyle = Automatic;
						TestTargetID = FF61E0981E9BBE76000E68F0;
					};
					FF61E0BC1E9BBE76000E68F0 = {
						CreatedOnToolsVersion = 8.2.1;
						DevelopmentTeam = 2CSYYV5Z4H;
						ProvisioningStyle = Automatic;
						TestTargetID = FF61E0981E9BBE76000E68F0;
					};
				};
			};
			buildConfigurationList = FF61E0941E9BBE76000E68F0 /* Build configuration list for PBXProject "Mr.Time" */;
			compatibilityVersion = "Xcode 3.2";
			developmentRegion = English;
			hasScannedForEncodings = 0;
			knownRegions = (
				en,
				Base,
			);
			mainGroup = FF61E0901E9BBE76000E68F0;
			productRefGroup = FF61E09A1E9BBE76000E68F0 /* Products */;
			projectDirPath = "";
			projectRoot = "";
			targets = (
				FF61E0981E9BBE76000E68F0 /* Mr.Time */,
				FF61E0B11E9BBE76000E68F0 /* Mr.TimeTests */,
				FF61E0BC1E9BBE76000E68F0 /* Mr.TimeUITests */,
			);
		};
/* End PBXProject section */

/* Begin PBXResourcesBuildPhase section */
		FF61E0971E9BBE76000E68F0 /* Resources */ = {
			isa = PBXResourcesBuildPhase;
			buildActionMask = 2147483647;
			files = (
				C0A69F371EE79C2F00DB4678 /* Noticeicon@3x.png in Resources */,
				FF340B751E9E640900B4DB39 /* homeSelect@2x.png in Resources */,
				FF340B861EA0A04A00B4DB39 /* homeNormal@3x.png in Resources */,
				C0A69F521EE7F64A00DB4678 /* 20yearsOld@2x.png in Resources */,
				C0A69F3F1EE7A01200DB4678 /* headbackground@2x.png in Resources */,
				FF340B781E9E640900B4DB39 /* userSelect@3x.png in Resources */,
				C0A69F561EE7F65600DB4678 /* userlike@2x.png in Resources */,
				FF340B811EA0A04A00B4DB39 /* bookNormal@2x.png in Resources */,
				FF61E0AC1E9BBE76000E68F0 /* LaunchScreen.storyboard in Resources */,
				FF340B881EA0A04A00B4DB39 /* userNormal@3x.png in Resources */,
				C0A69F631EE9318D00DB4678 /* bacBackBtn@3x.png in Resources */,
				C0A69F531EE7F64A00DB4678 /* 20yearsOld@3x.png in Resources */,
				FF340B871EA0A04A00B4DB39 /* userNormal@2x.png in Resources */,
				C0A69F641EE9318D00DB4678 /* bacBackBtn@2x.png in Resources */,
				FF340B721E9E640900B4DB39 /* bookSelect@3x.png in Resources */,
				C0A69F381EE79C2F00DB4678 /* Noticeicon@2x.png in Resources */,
				FF340B771E9E640900B4DB39 /* userSelect@2x.png in Resources */,
				FF340B711E9E640900B4DB39 /* bookSelect@2x.png in Resources */,
				C0A69F511EE7F64A00DB4678 /* 21yearsOld@2x.png in Resources */,
				FF61E0A91E9BBE76000E68F0 /* Assets.xcassets in Resources */,
				C0A69F3C1EE79CCC00DB4678 /* Setting icon@2x.png in Resources */,
				C0A69F3B1EE79CCC00DB4678 /* Setting icon@3x.png in Resources */,
				FF340B731E9E640900B4DB39 /* collectSelect@2x.png in Resources */,
				C0A69F501EE7F64A00DB4678 /* 21yearsOld@3x.png in Resources */,
				FF340B851EA0A04A00B4DB39 /* homeNormal@2x.png in Resources */,
				FF340B841EA0A04A00B4DB39 /* collectNormal@3x.png in Resources */,
				FF340B831EA0A04A00B4DB39 /* collectNormal@2x.png in Resources */,
				FF340B761E9E640900B4DB39 /* homeSelect@3x.png in Resources */,
				C0A69F4A1EE7D2DE00DB4678 /* dasdasdas.png in Resources */,
				C0A69F401EE7A01200DB4678 /* headbackground@3x.png in Resources */,
				C0A69F571EE7F65600DB4678 /* userlike@3x.png in Resources */,
				FF340B741E9E640900B4DB39 /* collectSelect@3x.png in Resources */,
				FF340B821EA0A04A00B4DB39 /* bookNormal@3x.png in Resources */,
			);
			runOnlyForDeploymentPostprocessing = 0;
		};
		FF61E0B01E9BBE76000E68F0 /* Resources */ = {
			isa = PBXResourcesBuildPhase;
			buildActionMask = 2147483647;
			files = (
			);
			runOnlyForDeploymentPostprocessing = 0;
		};
		FF61E0BB1E9BBE76000E68F0 /* Resources */ = {
			isa = PBXResourcesBuildPhase;
			buildActionMask = 2147483647;
			files = (
			);
			runOnlyForDeploymentPostprocessing = 0;
		};
/* End PBXResourcesBuildPhase section */

/* Begin PBXShellScriptBuildPhase section */
		0A5F6DDAC124C8F50BCA4FB1 /* [CP] Copy Pods Resources */ = {
			isa = PBXShellScriptBuildPhase;
			buildActionMask = 2147483647;
			files = (
			);
			inputPaths = (
			);
			name = "[CP] Copy Pods Resources";
			outputPaths = (
			);
			runOnlyForDeploymentPostprocessing = 0;
			shellPath = /bin/sh;
			shellScript = "\"${SRCROOT}/Pods/Target Support Files/Pods-Mr.Time/Pods-Mr.Time-resources.sh\"\n";
			showEnvVarsInLog = 0;
		};
		A95E8D4741100E7E01011EFD /* [CP] Embed Pods Frameworks */ = {
			isa = PBXShellScriptBuildPhase;
			buildActionMask = 2147483647;
			files = (
			);
			inputPaths = (
			);
			name = "[CP] Embed Pods Frameworks";
			outputPaths = (
			);
			runOnlyForDeploymentPostprocessing = 0;
			shellPath = /bin/sh;
			shellScript = "\"${SRCROOT}/Pods/Target Support Files/Pods-Mr.Time/Pods-Mr.Time-frameworks.sh\"\n";
			showEnvVarsInLog = 0;
		};
		D54F285DA5A2E378593A1E15 /* [CP] Check Pods Manifest.lock */ = {
			isa = PBXShellScriptBuildPhase;
			buildActionMask = 2147483647;
			files = (
			);
			inputPaths = (
			);
			name = "[CP] Check Pods Manifest.lock";
			outputPaths = (
			);
			runOnlyForDeploymentPostprocessing = 0;
			shellPath = /bin/sh;
			shellScript = "diff \"${PODS_PODFILE_DIR_PATH}/Podfile.lock\" \"${PODS_ROOT}/Manifest.lock\" > /dev/null\nif [ $? != 0 ] ; then\n    # print error to STDERR\n    echo \"error: The sandbox is not in sync with the Podfile.lock. Run 'pod install' or update your CocoaPods installation.\" >&2\n    exit 1\nfi\n";
			showEnvVarsInLog = 0;
		};
/* End PBXShellScriptBuildPhase section */

/* Begin PBXSourcesBuildPhase section */
		FF61E0951E9BBE76000E68F0 /* Sources */ = {
			isa = PBXSourcesBuildPhase;
			buildActionMask = 2147483647;
			files = (
				FFBDCCC91EE52BFF00B3AE23 /* UITableView+SDAutoTableViewCellHeight.m in Sources */,
				FF340B131E9E19FE00B4DB39 /* WWRootViewController.m in Sources */,
				C0A69F8C1EE944FB00DB4678 /* ExpandingTableViewController.swift in Sources */,
				C0A69F911EE944FB00DB4678 /* CornerAnimatable.swift in Sources */,
				FF340B2F1E9E4D4D00B4DB39 /* MLTransition.m in Sources */,
				C0A69F8D1EE944FB00DB4678 /* BasePageCollectionCell.swift in Sources */,
				FF340B0E1E9E155100B4DB39 /* WWAppDelegate+AppService.m in Sources */,
				FF340B021E9E03BE00B4DB39 /* WWAppDelegate.m in Sources */,
				FF61E09E1E9BBE76000E68F0 /* main.m in Sources */,
				C0A69F951EE944FB00DB4678 /* SubviewsForEach.swift in Sources */,
				C0A69F8F1EE944FB00DB4678 /* PageCollectionView.swift in Sources */,
				FF340B2C1E9E3C5200B4DB39 /* VTGeneralTool.m in Sources */,
				C0A69F6E1EE9410300DB4678 /* CardView.swift in Sources */,
				C0A69F6F1EE9410300DB4678 /* CustomCardLayout.swift in Sources */,
				C0A69F931EE944FB00DB4678 /* ConstraintsHelper.swift in Sources */,
				C0A69FA01EE949E600DB4678 /* WWSOCommon.swift in Sources */,
				FF340B081E9E152500B4DB39 /* WWAppDelegate+RootController.m in Sources */,
				C0A69F941EE944FB00DB4678 /* ScreenShotHelper.swift in Sources */,
				C0A69F901EE944FB00DB4678 /* ExpandingViewController.swift in Sources */,
				C0A69F2F1EE5557500DB4678 /* WWSimpleVC.m in Sources */,
				FF340B261E9E200000B4DB39 /* BookViewController.m in Sources */,
				FF340B201E9E1FDC00B4DB39 /* LoginViewController.m in Sources */,
				FF340B1D1E9E1FC600B4DB39 /* UserViewController.m in Sources */,
				FF340B231E9E1FF000B4DB39 /* CollectViewController.m in Sources */,
				FF340B1A1E9E1FA200B4DB39 /* HomeViewController.m in Sources */,
				C0A69F8E1EE944FB00DB4678 /* PageCollectionLayout.swift in Sources */,
				FF340B0B1E9E153C00B4DB39 /* WWAppDelegate+AppLifeCircle.m in Sources */,
				FFBDCCCA1EE52BFF00B3AE23 /* UIView+SDAutoLayout.m in Sources */,
				C0A69F921EE944FB00DB4678 /* ConfigurationHelper.swift in Sources */,
				C0A69F5F1EE92DEA00DB4678 /* WWNavigationVC.m in Sources */,
				C0A69F721EE9410300DB4678 /* UIViewExtension.swift in Sources */,
				C0A69F6D1EE9410300DB4678 /* CardCell.swift in Sources */,
				C0A69F711EE9410300DB4678 /* UIViewControllerExtension.swift in Sources */,
				C0A69F961EE944FB00DB4678 /* TransitionDriver.swift in Sources */,
				C0A69F701EE9410300DB4678 /* CustomFlipTransition.swift in Sources */,
			);
			runOnlyForDeploymentPostprocessing = 0;
		};
		FF61E0AE1E9BBE76000E68F0 /* Sources */ = {
			isa = PBXSourcesBuildPhase;
			buildActionMask = 2147483647;
			files = (
				FF61E0B71E9BBE76000E68F0 /* Mr_TimeTests.m in Sources */,
			);
			runOnlyForDeploymentPostprocessing = 0;
		};
		FF61E0B91E9BBE76000E68F0 /* Sources */ = {
			isa = PBXSourcesBuildPhase;
			buildActionMask = 2147483647;
			files = (
				FF61E0C21E9BBE76000E68F0 /* Mr_TimeUITests.m in Sources */,
			);
			runOnlyForDeploymentPostprocessing = 0;
		};
/* End PBXSourcesBuildPhase section */

/* Begin PBXTargetDependency section */
		FF61E0B41E9BBE76000E68F0 /* PBXTargetDependency */ = {
			isa = PBXTargetDependency;
			target = FF61E0981E9BBE76000E68F0 /* Mr.Time */;
			targetProxy = FF61E0B31E9BBE76000E68F0 /* PBXContainerItemProxy */;
		};
		FF61E0BF1E9BBE76000E68F0 /* PBXTargetDependency */ = {
			isa = PBXTargetDependency;
			target = FF61E0981E9BBE76000E68F0 /* Mr.Time */;
			targetProxy = FF61E0BE1E9BBE76000E68F0 /* PBXContainerItemProxy */;
		};
/* End PBXTargetDependency section */

/* Begin PBXVariantGroup section */
		FF61E0AA1E9BBE76000E68F0 /* LaunchScreen.storyboard */ = {
			isa = PBXVariantGroup;
			children = (
				FF61E0AB1E9BBE76000E68F0 /* Base */,
			);
			name = LaunchScreen.storyboard;
			sourceTree = "<group>";
		};
/* End PBXVariantGroup section */

/* Begin XCBuildConfiguration section */
		FF61E0C41E9BBE76000E68F0 /* Debug */ = {
			isa = XCBuildConfiguration;
			buildSettings = {
				ALWAYS_SEARCH_USER_PATHS = NO;
				CLANG_ANALYZER_NONNULL = YES;
				CLANG_CXX_LANGUAGE_STANDARD = "gnu++0x";
				CLANG_CXX_LIBRARY = "libc++";
				CLANG_ENABLE_MODULES = YES;
				CLANG_ENABLE_OBJC_ARC = YES;
				CLANG_WARN_BOOL_CONVERSION = YES;
				CLANG_WARN_CONSTANT_CONVERSION = YES;
				CLANG_WARN_DIRECT_OBJC_ISA_USAGE = YES_ERROR;
				CLANG_WARN_DOCUMENTATION_COMMENTS = YES;
				CLANG_WARN_EMPTY_BODY = YES;
				CLANG_WARN_ENUM_CONVERSION = YES;
				CLANG_WARN_INFINITE_RECURSION = YES;
				CLANG_WARN_INT_CONVERSION = YES;
				CLANG_WARN_OBJC_ROOT_CLASS = YES_ERROR;
				CLANG_WARN_SUSPICIOUS_MOVE = YES;
				CLANG_WARN_UNREACHABLE_CODE = YES;
				CLANG_WARN__DUPLICATE_METHOD_MATCH = YES;
				"CODE_SIGN_IDENTITY[sdk=iphoneos*]" = "iPhone Developer";
				COPY_PHASE_STRIP = NO;
				DEBUG_INFORMATION_FORMAT = dwarf;
				ENABLE_STRICT_OBJC_MSGSEND = YES;
				ENABLE_TESTABILITY = YES;
				GCC_C_LANGUAGE_STANDARD = gnu99;
				GCC_DYNAMIC_NO_PIC = NO;
				GCC_NO_COMMON_BLOCKS = YES;
				GCC_OPTIMIZATION_LEVEL = 0;
				GCC_PREPROCESSOR_DEFINITIONS = (
					"DEBUG=1",
					"$(inherited)",
				);
				GCC_WARN_64_TO_32_BIT_CONVERSION = YES;
				GCC_WARN_ABOUT_RETURN_TYPE = YES_ERROR;
				GCC_WARN_UNDECLARED_SELECTOR = YES;
				GCC_WARN_UNINITIALIZED_AUTOS = YES_AGGRESSIVE;
				GCC_WARN_UNUSED_FUNCTION = YES;
				GCC_WARN_UNUSED_VARIABLE = YES;
				IPHONEOS_DEPLOYMENT_TARGET = 10.2;
				MTL_ENABLE_DEBUG_INFO = YES;
				ONLY_ACTIVE_ARCH = YES;
				SDKROOT = iphoneos;
			};
			name = Debug;
		};
		FF61E0C51E9BBE76000E68F0 /* Release */ = {
			isa = XCBuildConfiguration;
			buildSettings = {
				ALWAYS_SEARCH_USER_PATHS = NO;
				CLANG_ANALYZER_NONNULL = YES;
				CLANG_CXX_LANGUAGE_STANDARD = "gnu++0x";
				CLANG_CXX_LIBRARY = "libc++";
				CLANG_ENABLE_MODULES = YES;
				CLANG_ENABLE_OBJC_ARC = YES;
				CLANG_WARN_BOOL_CONVERSION = YES;
				CLANG_WARN_CONSTANT_CONVERSION = YES;
				CLANG_WARN_DIRECT_OBJC_ISA_USAGE = YES_ERROR;
				CLANG_WARN_DOCUMENTATION_COMMENTS = YES;
				CLANG_WARN_EMPTY_BODY = YES;
				CLANG_WARN_ENUM_CONVERSION = YES;
				CLANG_WARN_INFINITE_RECURSION = YES;
				CLANG_WARN_INT_CONVERSION = YES;
				CLANG_WARN_OBJC_ROOT_CLASS = YES_ERROR;
				CLANG_WARN_SUSPICIOUS_MOVE = YES;
				CLANG_WARN_UNREACHABLE_CODE = YES;
				CLANG_WARN__DUPLICATE_METHOD_MATCH = YES;
				"CODE_SIGN_IDENTITY[sdk=iphoneos*]" = "iPhone Developer";
				COPY_PHASE_STRIP = NO;
				DEBUG_INFORMATION_FORMAT = "dwarf-with-dsym";
				ENABLE_NS_ASSERTIONS = NO;
				ENABLE_STRICT_OBJC_MSGSEND = YES;
				GCC_C_LANGUAGE_STANDARD = gnu99;
				GCC_NO_COMMON_BLOCKS = YES;
				GCC_WARN_64_TO_32_BIT_CONVERSION = YES;
				GCC_WARN_ABOUT_RETURN_TYPE = YES_ERROR;
				GCC_WARN_UNDECLARED_SELECTOR = YES;
				GCC_WARN_UNINITIALIZED_AUTOS = YES_AGGRESSIVE;
				GCC_WARN_UNUSED_FUNCTION = YES;
				GCC_WARN_UNUSED_VARIABLE = YES;
				IPHONEOS_DEPLOYMENT_TARGET = 10.2;
				MTL_ENABLE_DEBUG_INFO = NO;
				SDKROOT = iphoneos;
				VALIDATE_PRODUCT = YES;
			};
			name = Release;
		};
		FF61E0C71E9BBE76000E68F0 /* Debug */ = {
			isa = XCBuildConfiguration;
			baseConfigurationReference = A11F728AAD1C437A121BCF73 /* Pods-Mr.Time.debug.xcconfig */;
			buildSettings = {
				ASSETCATALOG_COMPILER_APPICON_NAME = AppIcon;
				DEFINES_MODULE = YES;
				DEVELOPMENT_TEAM = WQUPS6XKQ9;
				FRAMEWORK_SEARCH_PATHS = (
					"$(inherited)",
					"$(PROJECT_DIR)",
				);
				GCC_PRECOMPILE_PREFIX_HEADER = YES;
				GCC_PREFIX_HEADER = "$(SRCROOT)/Mr.Time/Macro/WWCommon.pch";
				INFOPLIST_FILE = Mr.Time/Info.plist;
				IPHONEOS_DEPLOYMENT_TARGET = 9.0;
				LD_RUNPATH_SEARCH_PATHS = "$(inherited) @executable_path/Frameworks";
				OTHER_LDFLAGS = (
					"$(inherited)",
					"-ObjC",
					"-lz",
					"-framework",
					Reveal,
				);
				PRODUCT_BUNDLE_IDENTIFIER = "com.Offape.----.Mr-Time";
				PRODUCT_NAME = "$(TARGET_NAME)";
				SWIFT_OBJC_BRIDGING_HEADER = "/Users/steaest/Desktop/Mr.Time/Mr.Time/Mr.Time/Mr.Time-Bridging-Header.h";
				SWIFT_OPTIMIZATION_LEVEL = "-Onone";
				SWIFT_VERSION = 3.0;
			};
			name = Debug;
		};
		FF61E0C81E9BBE76000E68F0 /* Release */ = {
			isa = XCBuildConfiguration;
			baseConfigurationReference = 6A3E3194488AB383DFA6D83F /* Pods-Mr.Time.release.xcconfig */;
			buildSettings = {
				ASSETCATALOG_COMPILER_APPICON_NAME = AppIcon;
				DEFINES_MODULE = YES;
				DEVELOPMENT_TEAM = WQUPS6XKQ9;
				FRAMEWORK_SEARCH_PATHS = (
					"$(inherited)",
					"$(PROJECT_DIR)",
				);
				GCC_PRECOMPILE_PREFIX_HEADER = YES;
				GCC_PREFIX_HEADER = "$(SRCROOT)/Mr.Time/Macro/WWCommon.pch";
				INFOPLIST_FILE = Mr.Time/Info.plist;
				IPHONEOS_DEPLOYMENT_TARGET = 9.0;
				LD_RUNPATH_SEARCH_PATHS = "$(inherited) @executable_path/Frameworks";
				OTHER_LDFLAGS = (
					"$(inherited)",
					"-ObjC",
					"-lz",
					"-framework",
					Reveal,
				);
				PRODUCT_BUNDLE_IDENTIFIER = "com.Offape.----.Mr-Time";
				PRODUCT_NAME = "$(TARGET_NAME)";
				SWIFT_OBJC_BRIDGING_HEADER = "/Users/steaest/Desktop/Mr.Time/Mr.Time/Mr.Time/Mr.Time-Bridging-Header.h";
				SWIFT_OPTIMIZATION_LEVEL = "-Owholemodule";
				SWIFT_VERSION = 3.0;
			};
			name = Release;
		};
		FF61E0CA1E9BBE76000E68F0 /* Debug */ = {
			isa = XCBuildConfiguration;
			buildSettings = {
				ALWAYS_EMBED_SWIFT_STANDARD_LIBRARIES = YES;
				BUNDLE_LOADER = "$(TEST_HOST)";
				DEVELOPMENT_TEAM = 2CSYYV5Z4H;
				INFOPLIST_FILE = Mr.TimeTests/Info.plist;
				LD_RUNPATH_SEARCH_PATHS = "$(inherited) @executable_path/Frameworks @loader_path/Frameworks";
				PRODUCT_BUNDLE_IDENTIFIER = "com.Offape.----.Mr-TimeTests";
				PRODUCT_NAME = "$(TARGET_NAME)";
				TEST_HOST = "$(BUILT_PRODUCTS_DIR)/Mr.Time.app/Mr.Time";
			};
			name = Debug;
		};
		FF61E0CB1E9BBE76000E68F0 /* Release */ = {
			isa = XCBuildConfiguration;
			buildSettings = {
				ALWAYS_EMBED_SWIFT_STANDARD_LIBRARIES = YES;
				BUNDLE_LOADER = "$(TEST_HOST)";
				DEVELOPMENT_TEAM = 2CSYYV5Z4H;
				INFOPLIST_FILE = Mr.TimeTests/Info.plist;
				LD_RUNPATH_SEARCH_PATHS = "$(inherited) @executable_path/Frameworks @loader_path/Frameworks";
				PRODUCT_BUNDLE_IDENTIFIER = "com.Offape.----.Mr-TimeTests";
				PRODUCT_NAME = "$(TARGET_NAME)";
				TEST_HOST = "$(BUILT_PRODUCTS_DIR)/Mr.Time.app/Mr.Time";
			};
			name = Release;
		};
		FF61E0CD1E9BBE76000E68F0 /* Debug */ = {
			isa = XCBuildConfiguration;
			buildSettings = {
				ALWAYS_EMBED_SWIFT_STANDARD_LIBRARIES = YES;
				DEVELOPMENT_TEAM = 2CSYYV5Z4H;
				INFOPLIST_FILE = Mr.TimeUITests/Info.plist;
				LD_RUNPATH_SEARCH_PATHS = "$(inherited) @executable_path/Frameworks @loader_path/Frameworks";
				PRODUCT_BUNDLE_IDENTIFIER = "com.Offape.----.Mr-TimeUITests";
				PRODUCT_NAME = "$(TARGET_NAME)";
				TEST_TARGET_NAME = Mr.Time;
			};
			name = Debug;
		};
		FF61E0CE1E9BBE76000E68F0 /* Release */ = {
			isa = XCBuildConfiguration;
			buildSettings = {
				ALWAYS_EMBED_SWIFT_STANDARD_LIBRARIES = YES;
				DEVELOPMENT_TEAM = 2CSYYV5Z4H;
				INFOPLIST_FILE = Mr.TimeUITests/Info.plist;
				LD_RUNPATH_SEARCH_PATHS = "$(inherited) @executable_path/Frameworks @loader_path/Frameworks";
				PRODUCT_BUNDLE_IDENTIFIER = "com.Offape.----.Mr-TimeUITests";
				PRODUCT_NAME = "$(TARGET_NAME)";
				TEST_TARGET_NAME = Mr.Time;
			};
			name = Release;
		};
/* End XCBuildConfiguration section */

/* Begin XCConfigurationList section */
		FF61E0941E9BBE76000E68F0 /* Build configuration list for PBXProject "Mr.Time" */ = {
			isa = XCConfigurationList;
			buildConfigurations = (
				FF61E0C41E9BBE76000E68F0 /* Debug */,
				FF61E0C51E9BBE76000E68F0 /* Release */,
			);
			defaultConfigurationIsVisible = 0;
			defaultConfigurationName = Release;
		};
		FF61E0C61E9BBE76000E68F0 /* Build configuration list for PBXNativeTarget "Mr.Time" */ = {
			isa = XCConfigurationList;
			buildConfigurations = (
				FF61E0C71E9BBE76000E68F0 /* Debug */,
				FF61E0C81E9BBE76000E68F0 /* Release */,
			);
			defaultConfigurationIsVisible = 0;
			defaultConfigurationName = Release;
		};
		FF61E0C91E9BBE76000E68F0 /* Build configuration list for PBXNativeTarget "Mr.TimeTests" */ = {
			isa = XCConfigurationList;
			buildConfigurations = (
				FF61E0CA1E9BBE76000E68F0 /* Debug */,
				FF61E0CB1E9BBE76000E68F0 /* Release */,
			);
			defaultConfigurationIsVisible = 0;
			defaultConfigurationName = Release;
		};
		FF61E0CC1E9BBE76000E68F0 /* Build configuration list for PBXNativeTarget "Mr.TimeUITests" */ = {
			isa = XCConfigurationList;
			buildConfigurations = (
				FF61E0CD1E9BBE76000E68F0 /* Debug */,
				FF61E0CE1E9BBE76000E68F0 /* Release */,
			);
			defaultConfigurationIsVisible = 0;
			defaultConfigurationName = Release;
		};
/* End XCConfigurationList section */
	};
	rootObject = FF61E0911E9BBE76000E68F0 /* Project object */;
}
